
Microsoft Visual Studio Solution File, Format Version 12.00
# Visual Studio Version 16
VisualStudioVersion = 16.0.30523.141
MinimumVisualStudioVersion = 10.0.40219.1
Project("{FAE04EC0-301F-11D3-BF4B-00C04F79EFBC}") = "ClientProxy-P4-096", "ClientProxy-P4-096.csproj", "{AB9E6AE0-3A3B-48EA-BBE1-6C2AB1CF790E}"
EndProject
Global
	GlobalSection(SolutionConfigurationPlatforms) = preSolution
		Debug|Any CPU = Debug|Any CPU
		Release|Any CPU = Release|Any CPU
	EndGlobalSection
	GlobalSection(ProjectConfigurationPlatforms) = postSolution
		{AB9E6AE0-3A3B-48EA-BBE1-6C2AB1CF790E}.Debug|Any CPU.ActiveCfg = Debug|Any CPU
		{AB9E6AE0-3A3B-48EA-BBE1-6C2AB1CF790E}.Debug|Any CPU.Build.0 = Debug|Any CPU
		{AB9E6AE0-3A3B-48EA-BBE1-6C2AB1CF790E}.Release|Any CPU.ActiveCfg = Release|Any CPU
		{AB9E6AE0-3A3B-48EA-BBE1-6C2AB1CF790E}.Release|Any CPU.Build.0 = Release|Any CPU
	EndGlobalSection
	GlobalSection(SolutionProperties) = preSolution
		HideSolutionNode = FALSE
	EndGlobalSection
	GlobalSection(ExtensibilityGlobals) = postSolution
		SolutionGuid = {077F2880-B225-4B8F-A6C7-DB1C1D8DE755}
	EndGlobalSection
EndGlobal
